
Microsoft Visual Studio Solution File, Format Version 12.00
# Visual Studio Version 16
VisualStudioVersion = 16.0.31624.102
MinimumVisualStudioVersion = 10.0.40219.1
Project("{FAE04EC0-301F-11D3-BF4B-00C04F79EFBC}") = "TodoList", "TodoList\TodoList.csproj", "{86CD1B45-D6C2-4F77-8C3E-9DC125E4D96B}"
EndProject
Global
	GlobalSection(SolutionConfigurationPlatforms) = preSolution
		Debug|Any CPU = Debug|Any CPU
		Release|Any CPU = Release|Any CPU
	EndGlobalSection
	GlobalSection(ProjectConfigurationPlatforms) = postSolution
		{86CD1B45-D6C2-4F77-8C3E-9DC125E4D96B}.Debug|Any CPU.ActiveCfg = Debug|Any CPU
		{86CD1B45-D6C2-4F77-8C3E-9DC125E4D96B}.Debug|Any CPU.Build.0 = Debug|Any CPU
		{86CD1B45-D6C2-4F77-8C3E-9DC125E4D96B}.Release|Any CPU.ActiveCfg = Release|Any CPU
		{86CD1B45-D6C2-4F77-8C3E-9DC125E4D96B}.Release|Any CPU.Build.0 = Release|Any CPU
	EndGlobalSection
	GlobalSection(SolutionProperties) = preSolution
		HideSolutionNode = FALSE
	EndGlobalSection
	GlobalSection(ExtensibilityGlobals) = postSolution
		SolutionGuid = {64062B9F-0112-44EA-ABE8-F1640CBAE9D9}
	EndGlobalSection
EndGlobal
